
Microsoft Visual Studio Solution File, Format Version 12.00
# Visual Studio Version 16
VisualStudioVersion = 16.0.28922.388
MinimumVisualStudioVersion = 10.0.40219.1
Project("{FAE04EC0-301F-11D3-BF4B-00C04F79EFBC}") = "MusicOrganizer", "MusicOrganizer\MusicOrganizer.csproj", "{3F34459A-2254-41F4-9509-464D59ECF924}"
EndProject
Global
	GlobalSection(SolutionConfigurationPlatforms) = preSolution
		Debug|Any CPU = Debug|Any CPU
		Release|Any CPU = Release|Any CPU
	EndGlobalSection
	GlobalSection(ProjectConfigurationPlatforms) = postSolution
		{3F34459A-2254-41F4-9509-464D59ECF924}.Debug|Any CPU.ActiveCfg = Debug|Any CPU
		{3F34459A-2254-41F4-9509-464D59ECF924}.Debug|Any CPU.Build.0 = Debug|Any CPU
		{3F34459A-2254-41F4-9509-464D59ECF924}.Release|Any CPU.ActiveCfg = Release|Any CPU
		{3F34459A-2254-41F4-9509-464D59ECF924}.Release|Any CPU.Build.0 = Release|Any CPU
	EndGlobalSection
	GlobalSection(SolutionProperties) = preSolution
		HideSolutionNode = FALSE
	EndGlobalSection
	GlobalSection(ExtensibilityGlobals) = postSolution
		SolutionGuid = {8D0E06D8-33B5-43CE-B741-5853660B001D}
	EndGlobalSection
EndGlobal
